<?xml version="1.0" encoding="utf-8"?>
<Project ToolsVersion="4.0" xmlns="http://schemas.microsoft.com/developer/msbuild/2003">
  <ItemGroup>
    <Filter Include="소스 파일">
      <UniqueIdentifier>{4FC737F1-C7A5-4376-A066-2A32D752A2FF}</UniqueIdentifier>
      <Extensions>cpp;c;cc;cxx;def;odl;idl;hpj;bat;asm;asmx</Extensions>
    </Filter>
    <Filter Include="헤더 파일">
      <UniqueIdentifier>{93995380-89BD-4b04-88EB-625FBE52EBFB}</UniqueIdentifier>
      <Extensions>h;hh;hpp;hxx;hm;inl;inc;xsd</Extensions>
    </Filter>
    <Filter Include="리소스 파일">
      <UniqueIdentifier>{67DA6AB6-F800-4c08-8B7A-83BB121AAD01}</UniqueIdentifier>
      <Extensions>rc;ico;cur;bmp;dlg;rc2;rct;bin;rgs;gif;jpg;jpeg;jpe;resx;tiff;tif;png;wav;mfcribbon-ms</Extensions>
    </Filter>
    <Filter Include="소스 파일\TravelPath">
      <UniqueIdentifier>{75c565ec-e003-4dbd-85d0-86db868ce027}</UniqueIdentifier>
    </Filter>
    <Filter Include="소스 파일\joystick">
      <UniqueIdentifier>{597dc42f-011f-464c-892a-4135562a3244}</UniqueIdentifier>
    </Filter>
    <Filter Include="소스 파일\Disk Controller">
      <UniqueIdentifier>{098a6369-24b1-4d1d-b991-f60305acea3d}</UniqueIdentifier>
    </Filter>
    <Filter Include="소스 파일\Ramen Factory">
      <UniqueIdentifier>{7dd63e0b-68ea-4ce3-985f-8c99d9cee250}</UniqueIdentifier>
    </Filter>
    <Filter Include="소스 파일\double priority_queue">
      <UniqueIdentifier>{f53640a1-ea6c-4de3-b47b-e15e1963876c}</UniqueIdentifier>
    </Filter>
    <Filter Include="소스 파일\morespicy">
      <UniqueIdentifier>{dd553674-06d4-47f7-b1b8-5c624894e417}</UniqueIdentifier>
    </Filter>
    <Filter Include="소스 파일\make Big number">
      <UniqueIdentifier>{148360c5-e3bd-47d6-bddb-358b4ac5353d}</UniqueIdentifier>
    </Filter>
    <Filter Include="소스 파일\MakeTheHighestNumber">
      <UniqueIdentifier>{1e7fe154-4dbd-4e12-9bfd-60028a8cd6ba}</UniqueIdentifier>
    </Filter>
    <Filter Include="소스 파일\tile decoratation">
      <UniqueIdentifier>{0d0f98b8-c2d1-45ac-b2a8-37f9354b0cc2}</UniqueIdentifier>
    </Filter>
    <Filter Include="소스 파일\Integer Triangle">
      <UniqueIdentifier>{b57cf64c-a774-4d8f-999d-86b6209e978b}</UniqueIdentifier>
    </Filter>
    <Filter Include="소스 파일\school paths">
      <UniqueIdentifier>{8b809012-81b6-4761-8bbf-5acef1ec5aee}</UniqueIdentifier>
    </Filter>
    <Filter Include="소스 파일\rescue boat">
      <UniqueIdentifier>{c09ad95d-c325-4573-a2f7-4eebbc2df9e3}</UniqueIdentifier>
    </Filter>
    <Filter Include="소스 파일\phone list">
      <UniqueIdentifier>{2b445e81-c0b1-4e3d-9cfd-97f8b2aed409}</UniqueIdentifier>
    </Filter>
    <Filter Include="소스 파일\camouflage">
      <UniqueIdentifier>{c10f9de4-8e53-4af7-906f-7c516ce17fe2}</UniqueIdentifier>
    </Filter>
    <Filter Include="소스 파일\%2842839%29find prime number">
      <UniqueIdentifier>{d58923e7-9333-4e7c-9535-60b036ffa35f}</UniqueIdentifier>
    </Filter>
    <Filter Include="소스 파일\%2842579%29best album">
      <UniqueIdentifier>{0a53691a-e033-4ead-8712-8f8d7f7736ac}</UniqueIdentifier>
    </Filter>
    <Filter Include="소스 파일\%2842841%29number base ball">
      <UniqueIdentifier>{27f1eaf0-2161-4d5d-be0a-e00911188273}</UniqueIdentifier>
    </Filter>
    <Filter Include="소스 파일\%2842842%29capet">
      <UniqueIdentifier>{ded0d3c8-e71b-4b02-888d-d13e99b3118a}</UniqueIdentifier>
    </Filter>
    <Filter Include="소스 파일\%2842884%29CCTV">
      <UniqueIdentifier>{af95b314-e32f-48ee-888f-934aac84cb54}</UniqueIdentifier>
    </Filter>
  </ItemGroup>
  <ItemGroup>
    <ClCompile Include="TargetNumber.cpp">
      <Filter>소스 파일</Filter>
    </ClCompile>
    <ClCompile Include="Networks.cpp">
      <Filter>소스 파일</Filter>
    </ClCompile>
    <ClCompile Include="TranslateWord.cpp">
      <Filter>소스 파일</Filter>
    </ClCompile>
    <ClCompile Include="TravelPath.cpp">
      <Filter>소스 파일</Filter>
    </ClCompile>
    <ClCompile Include="FailTravelPath.cpp">
      <Filter>소스 파일\TravelPath</Filter>
    </ClCompile>
    <ClCompile Include="joystick.cpp">
      <Filter>소스 파일\joystick</Filter>
    </ClCompile>
    <ClCompile Include="failramenfactory.cpp">
      <Filter>소스 파일\Ramen Factory</Filter>
    </ClCompile>
    <ClCompile Include="remenfactory.cpp">
      <Filter>소스 파일\Ramen Factory</Filter>
    </ClCompile>
    <ClCompile Include="disk_controller.cpp">
      <Filter>소스 파일\Disk Controller</Filter>
    </ClCompile>
    <ClCompile Include="double_priority_queue.cpp">
      <Filter>소스 파일\double priority_queue</Filter>
    </ClCompile>
    <ClCompile Include="disk_controller1.cpp">
      <Filter>소스 파일\Disk Controller</Filter>
    </ClCompile>
    <ClCompile Include="morespicy.cpp">
      <Filter>소스 파일\morespicy</Filter>
    </ClCompile>
    <ClCompile Include="make_bignumber.cpp">
      <Filter>소스 파일\make Big number</Filter>
    </ClCompile>
    <ClCompile Include="MakeTheHighestNumber.cpp">
      <Filter>소스 파일\MakeTheHighestNumber</Filter>
    </ClCompile>
    <ClCompile Include="rescure_boat.cpp">
      <Filter>소스 파일\rescue boat</Filter>
    </ClCompile>
    <ClCompile Include="rescue_boat1.cpp">
      <Filter>소스 파일\rescue boat</Filter>
    </ClCompile>
    <ClCompile Include="rescue_boat2.cpp">
      <Filter>소스 파일\rescue boat</Filter>
    </ClCompile>
    <ClCompile Include="tile_decoration.cpp">
      <Filter>소스 파일\tile decoratation</Filter>
    </ClCompile>
    <ClCompile Include="Integer_triangle.cpp">
      <Filter>소스 파일\Integer Triangle</Filter>
    </ClCompile>
    <ClCompile Include="school_paths.cpp">
      <Filter>소스 파일\school paths</Filter>
    </ClCompile>
    <ClCompile Include="phone_list.cpp">
      <Filter>소스 파일\phone list</Filter>
    </ClCompile>
    <ClCompile Include="camouflage.cpp">
      <Filter>소스 파일\camouflage</Filter>
    </ClCompile>
    <ClCompile Include="prime_number.cpp">
      <Filter>소스 파일\%2842839%29find prime number</Filter>
    </ClCompile>
    <ClCompile Include="best_album.cpp">
      <Filter>소스 파일\%2842579%29best album</Filter>
    </ClCompile>
    <ClCompile Include="number_base_ball.cpp">
      <Filter>소스 파일\%2842841%29number base ball</Filter>
    </ClCompile>
    <ClCompile Include="capet.cpp">
      <Filter>소스 파일\%2842842%29capet</Filter>
    </ClCompile>
    <ClCompile Include="cctv.cpp">
      <Filter>소스 파일\%2842884%29CCTV</Filter>
    </ClCompile>
  </ItemGroup>
  <ItemGroup>
    <ClInclude Include="stdafx.h">
      <Filter>헤더 파일</Filter>
    </ClInclude>
  </ItemGroup>
</Project>